
Microsoft Visual Studio Solution File, Format Version 12.00
# Visual Studio Version 17
VisualStudioVersion = 17.2.32526.322
MinimumVisualStudioVersion = 10.0.40219.1
Project("{FAE04EC0-301F-11D3-BF4B-00C04F79EFBC}") = "ConcurrentCache", "ConcurrentCache\ConcurrentCache.csproj", "{1111024E-B23A-471F-99A2-4226355E1496}"
EndProject
Project("{FAE04EC0-301F-11D3-BF4B-00C04F79EFBC}") = "Test", "Test\Test.csproj", "{23276015-79A9-4300-B50E-1D14661E1B6E}"
EndProject
Global
	GlobalSection(SolutionConfigurationPlatforms) = preSolution
		Debug|Any CPU = Debug|Any CPU
		Release|Any CPU = Release|Any CPU
	EndGlobalSection
	GlobalSection(ProjectConfigurationPlatforms) = postSolution
		{1111024E-B23A-471F-99A2-4226355E1496}.Debug|Any CPU.ActiveCfg = Debug|Any CPU
		{1111024E-B23A-471F-99A2-4226355E1496}.Debug|Any CPU.Build.0 = Debug|Any CPU
		{1111024E-B23A-471F-99A2-4226355E1496}.Release|Any CPU.ActiveCfg = Release|Any CPU
		{1111024E-B23A-471F-99A2-4226355E1496}.Release|Any CPU.Build.0 = Release|Any CPU
		{23276015-79A9-4300-B50E-1D14661E1B6E}.Debug|Any CPU.ActiveCfg = Debug|Any CPU
		{23276015-79A9-4300-B50E-1D14661E1B6E}.Debug|Any CPU.Build.0 = Debug|Any CPU
		{23276015-79A9-4300-B50E-1D14661E1B6E}.Release|Any CPU.ActiveCfg = Release|Any CPU
		{23276015-79A9-4300-B50E-1D14661E1B6E}.Release|Any CPU.Build.0 = Release|Any CPU
	EndGlobalSection
	GlobalSection(SolutionProperties) = preSolution
		HideSolutionNode = FALSE
	EndGlobalSection
	GlobalSection(ExtensibilityGlobals) = postSolution
		SolutionGuid = {41CE6089-44DF-4CF1-9CE1-B3B089A1016C}
	EndGlobalSection
EndGlobal
